
Microsoft Visual Studio Solution File, Format Version 12.00
# Visual Studio Version 16
VisualStudioVersion = 16.0.31911.196
MinimumVisualStudioVersion = 10.0.40219.1
Project("{FAE04EC0-301F-11D3-BF4B-00C04F79EFBC}") = "MyKTV", "MyKTV\MyKTV.csproj", "{041C44E4-F914-4DCA-B7F5-E1DF509EF6BE}"
EndProject
Global
	GlobalSection(SolutionConfigurationPlatforms) = preSolution
		Debug|Any CPU = Debug|Any CPU
		Release|Any CPU = Release|Any CPU
	EndGlobalSection
	GlobalSection(ProjectConfigurationPlatforms) = postSolution
		{041C44E4-F914-4DCA-B7F5-E1DF509EF6BE}.Debug|Any CPU.ActiveCfg = Debug|Any CPU
		{041C44E4-F914-4DCA-B7F5-E1DF509EF6BE}.Debug|Any CPU.Build.0 = Debug|Any CPU
		{041C44E4-F914-4DCA-B7F5-E1DF509EF6BE}.Release|Any CPU.ActiveCfg = Release|Any CPU
		{041C44E4-F914-4DCA-B7F5-E1DF509EF6BE}.Release|Any CPU.Build.0 = Release|Any CPU
	EndGlobalSection
	GlobalSection(SolutionProperties) = preSolution
		HideSolutionNode = FALSE
	EndGlobalSection
	GlobalSection(ExtensibilityGlobals) = postSolution
		SolutionGuid = {22ED133F-D86E-43FA-A0A9-B0A8658F99E7}
	EndGlobalSection
EndGlobal
